// !$*UTF8*$!
{
	archiveVersion = 1;
	classes = {
	};
	objectVersion = 46;
	objects = {

/* Begin PBXBuildFile section */
		284E512D1BDA98AC00246375 /* AppDelegate.swift in Sources */ = {isa = PBXBuildFile; fileRef = 284E512C1BDA98AC00246375 /* AppDelegate.swift */; };
		284E512F1BDA98AC00246375 /* NGSplitViewController.swift in Sources */ = {isa = PBXBuildFile; fileRef = 284E512E1BDA98AC00246375 /* NGSplitViewController.swift */; };
		284E51321BDA98AC00246375 /* Main.storyboard in Resources */ = {isa = PBXBuildFile; fileRef = 284E51301BDA98AC00246375 /* Main.storyboard */; };
		284E51341BDA98AC00246375 /* Assets.xcassets in Resources */ = {isa = PBXBuildFile; fileRef = 284E51331BDA98AC00246375 /* Assets.xcassets */; };
		284E51371BDA98AC00246375 /* LaunchScreen.storyboard in Resources */ = {isa = PBXBuildFile; fileRef = 284E51351BDA98AC00246375 /* LaunchScreen.storyboard */; };
		284E51401BDAC5EA00246375 /* MasterViewController.swift in Sources */ = {isa = PBXBuildFile; fileRef = 284E513E1BDAC5EA00246375 /* MasterViewController.swift */; };
		284E51411BDAC5EA00246375 /* DetailViewController.swift in Sources */ = {isa = PBXBuildFile; fileRef = 284E513F1BDAC5EA00246375 /* DetailViewController.swift */; };
		287B23041BDD10AF00DBF3F1 /* NGSplitViewControllerUITests.swift in Sources */ = {isa = PBXBuildFile; fileRef = 287B23031BDD10AF00DBF3F1 /* NGSplitViewControllerUITests.swift */; };
		287B230B1BDD112600DBF3F1 /* NGSplitViewController.swift in Sources */ = {isa = PBXBuildFile; fileRef = 284E512E1BDA98AC00246375 /* NGSplitViewController.swift */; };
/* End PBXBuildFile section */

/* Begin PBXContainerItemProxy section */
		287B23061BDD10AF00DBF3F1 /* PBXContainerItemProxy */ = {
			isa = PBXContainerItemProxy;
			containerPortal = 284E51211BDA98AC00246375 /* Project object */;
			proxyType = 1;
			remoteGlobalIDString = 284E51281BDA98AC00246375;
			remoteInfo = NGSplitViewController;
		};
/* End PBXContainerItemProxy section */

/* Begin PBXFileReference section */
		284E51291BDA98AC00246375 /* NGSplitViewController.app */ = {isa = PBXFileReference; explicitFileType = wrapper.application; includeInIndex = 0; path = NGSplitViewController.app; sourceTree = BUILT_PRODUCTS_DIR; };
		284E512C1BDA98AC00246375 /* AppDelegate.swift */ = {isa = PBXFileReference; lastKnownFileType = sourcecode.swift; path = AppDelegate.swift; sourceTree = "<group>"; };
		284E512E1BDA98AC00246375 /* NGSplitViewController.swift */ = {isa = PBXFileReference; lastKnownFileType = sourcecode.swift; path = NGSplitViewController.swift; sourceTree = "<group>"; };
		284E51311BDA98AC00246375 /* Base */ = {isa = PBXFileReference; lastKnownFileType = file.storyboard; name = Base; path = Base.lproj/Main.storyboard; sourceTree = "<group>"; };
		284E51331BDA98AC00246375 /* Assets.xcassets */ = {isa = PBXFileReference; lastKnownFileType = folder.assetcatalog; path = Assets.xcassets; sourceTree = "<group>"; };
		284E51361BDA98AC00246375 /* Base */ = {isa = PBXFileReference; lastKnownFileType = file.storyboard; name = Base; path = Base.lproj/LaunchScreen.storyboard; sourceTree = "<group>"; };
		284E51381BDA98AC00246375 /* Info.plist */ = {isa = PBXFileReference; lastKnownFileType = text.plist.xml; path = Info.plist; sourceTree = "<group>"; };
		284E513E1BDAC5EA00246375 /* MasterViewController.swift */ = {isa = PBXFileReference; fileEncoding = 4; lastKnownFileType = sourcecode.swift; path = MasterViewController.swift; sourceTree = "<group>"; };
		284E513F1BDAC5EA00246375 /* DetailViewController.swift */ = {isa = PBXFileReference; fileEncoding = 4; lastKnownFileType = sourcecode.swift; path = DetailViewController.swift; sourceTree = "<group>"; };
		287B23011BDD10AE00DBF3F1 /* NGSplitViewControllerUITests.xctest */ = {isa = PBXFileReference; explicitFileType = wrapper.cfbundle; includeInIndex = 0; path = NGSplitViewControllerUITests.xctest; sourceTree = BUILT_PRODUCTS_DIR; };
		287B23031BDD10AF00DBF3F1 /* NGSplitViewControllerUITests.swift */ = {isa = PBXFileReference; lastKnownFileType = sourcecode.swift; path = NGSplitViewControllerUITests.swift; sourceTree = "<group>"; };
		287B23051BDD10AF00DBF3F1 /* Info.plist */ = {isa = PBXFileReference; lastKnownFileType = text.plist.xml; path = Info.plist; sourceTree = "<group>"; };
/* End PBXFileReference section */

/* Begin PBXFrameworksBuildPhase section */
		284E51261BDA98AC00246375 /* Frameworks */ = {
			isa = PBXFrameworksBuildPhase;
			buildActionMask = 2147483647;
			files = (
			);
			runOnlyForDeploymentPostprocessing = 0;
		};
		287B22FE1BDD10AE00DBF3F1 /* Frameworks */ = {
			isa = PBXFrameworksBuildPhase;
			buildActionMask = 2147483647;
			files = (
			);
			runOnlyForDeploymentPostprocessing = 0;
		};
/* End PBXFrameworksBuildPhase section */

/* Begin PBXGroup section */
		284E51201BDA98AC00246375 = {
			isa = PBXGroup;
			children = (
				284E512B1BDA98AC00246375 /* NGSplitViewController */,
				287B23021BDD10AF00DBF3F1 /* NGSplitViewControllerUITests */,
				284E512A1BDA98AC00246375 /* Products */,
			);
			sourceTree = "<group>";
		};
		284E512A1BDA98AC00246375 /* Products */ = {
			isa = PBXGroup;
			children = (
				284E51291BDA98AC00246375 /* NGSplitViewController.app */,
				287B23011BDD10AE00DBF3F1 /* NGSplitViewControllerUITests.xctest */,
			);
			name = Products;
			sourceTree = "<group>";
		};
		284E512B1BDA98AC00246375 /* NGSplitViewController */ = {
			isa = PBXGroup;
			children = (
				284E512C1BDA98AC00246375 /* AppDelegate.swift */,
				284E512E1BDA98AC00246375 /* NGSplitViewController.swift */,
				284E513E1BDAC5EA00246375 /* MasterViewController.swift */,
				284E513F1BDAC5EA00246375 /* DetailViewController.swift */,
				284E51301BDA98AC00246375 /* Main.storyboard */,
				284E51331BDA98AC00246375 /* Assets.xcassets */,
				284E51351BDA98AC00246375 /* LaunchScreen.storyboard */,
				284E51381BDA98AC00246375 /* Info.plist */,
			);
			path = NGSplitViewController;
			sourceTree = "<group>";
		};
		287B23021BDD10AF00DBF3F1 /* NGSplitViewControllerUITests */ = {
			isa = PBXGroup;
			children = (
				287B23031BDD10AF00DBF3F1 /* NGSplitViewControllerUITests.swift */,
				287B23051BDD10AF00DBF3F1 /* Info.plist */,
			);
			path = NGSplitViewControllerUITests;
			sourceTree = "<group>";
		};
/* End PBXGroup section */

/* Begin PBXNativeTarget section */
		284E51281BDA98AC00246375 /* NGSplitViewController */ = {
			isa = PBXNativeTarget;
			buildConfigurationList = 284E513B1BDA98AC00246375 /* Build configuration list for PBXNativeTarget "NGSplitViewController" */;
			buildPhases = (
				284E51251BDA98AC00246375 /* Sources */,
				284E51261BDA98AC00246375 /* Frameworks */,
				284E51271BDA98AC00246375 /* Resources */,
			);
			buildRules = (
			);
			dependencies = (
			);
			name = NGSplitViewController;
			productName = NGSplitViewController;
			productReference = 284E51291BDA98AC00246375 /* NGSplitViewController.app */;
			productType = "com.apple.product-type.application";
		};
		287B23001BDD10AE00DBF3F1 /* NGSplitViewControllerUITests */ = {
			isa = PBXNativeTarget;
			buildConfigurationList = 287B230A1BDD10AF00DBF3F1 /* Build configuration list for PBXNativeTarget "NGSplitViewControllerUITests" */;
			buildPhases = (
				287B22FD1BDD10AE00DBF3F1 /* Sources */,
				287B22FE1BDD10AE00DBF3F1 /* Frameworks */,
				287B22FF1BDD10AE00DBF3F1 /* Resources */,
			);
			buildRules = (
			);
			dependencies = (
				287B23071BDD10AF00DBF3F1 /* PBXTargetDependency */,
			);
			name = NGSplitViewControllerUITests;
			productName = NGSplitViewControllerUITests;
			productReference = 287B23011BDD10AE00DBF3F1 /* NGSplitViewControllerUITests.xctest */;
			productType = "com.apple.product-type.bundle.ui-testing";
		};
/* End PBXNativeTarget section */

/* Begin PBXProject section */
		284E51211BDA98AC00246375 /* Project object */ = {
			isa = PBXProject;
			attributes = {
				LastSwiftUpdateCheck = 0710;
				LastUpgradeCheck = 0710;
				ORGANIZATIONNAME = "Neil Gall";
				TargetAttributes = {
					284E51281BDA98AC00246375 = {
						CreatedOnToolsVersion = 7.1;
					};
					287B23001BDD10AE00DBF3F1 = {
						CreatedOnToolsVersion = 7.1;
						TestTargetID = 284E51281BDA98AC00246375;
					};
				};
			};
			buildConfigurationList = 284E51241BDA98AC00246375 /* Build configuration list for PBXProject "NGSplitViewController" */;
			compatibilityVersion = "Xcode 3.2";
			developmentRegion = English;
			hasScannedForEncodings = 0;
			knownRegions = (
				en,
				Base,
			);
			mainGroup = 284E51201BDA98AC00246375;
			productRefGroup = 284E512A1BDA98AC00246375 /* Products */;
			projectDirPath = "";
			projectRoot = "";
			targets = (
				284E51281BDA98AC00246375 /* NGSplitViewController */,
				287B23001BDD10AE00DBF3F1 /* NGSplitViewControllerUITests */,
			);
		};
/* End PBXProject section */

/* Begin PBXResourcesBuildPhase section */
		284E51271BDA98AC00246375 /* Resources */ = {
			isa = PBXResourcesBuildPhase;
			buildActionMask = 2147483647;
			files = (
				284E51371BDA98AC00246375 /* LaunchScreen.storyboard in Resources */,
				284E51341BDA98AC00246375 /* Assets.xcassets in Resources */,
				284E51321BDA98AC00246375 /* Main.storyboard in Resources */,
			);
			runOnlyForDeploymentPostprocessing = 0;
		};
		287B22FF1BDD10AE00DBF3F1 /* Resources */ = {
			isa = PBXResourcesBuildPhase;
			buildActionMask = 2147483647;
			files = (
			);
			runOnlyForDeploymentPostprocessing = 0;
		};
/* End PBXResourcesBuildPhase section */

/* Begin PBXSourcesBuildPhase section */
		284E51251BDA98AC00246375 /* Sources */ = {
			isa = PBXSourcesBuildPhase;
			buildActionMask = 2147483647;
			files = (
				284E512F1BDA98AC00246375 /* NGSplitViewController.swift in Sources */,
				284E512D1BDA98AC00246375 /* AppDelegate.swift in Sources */,
				284E51401BDAC5EA00246375 /* MasterViewController.swift in Sources */,
				284E51411BDAC5EA00246375 /* DetailViewController.swift in Sources */,
			);
			runOnlyForDeploymentPostprocessing = 0;
		};
		287B22FD1BDD10AE00DBF3F1 /* Sources */ = {
			isa = PBXSourcesBuildPhase;
			buildActionMask = 2147483647;
			files = (
				287B230B1BDD112600DBF3F1 /* NGSplitViewController.swift in Sources */,
				287B23041BDD10AF00DBF3F1 /* NGSplitViewControllerUITests.swift in Sources */,
			);
			runOnlyForDeploymentPostprocessing = 0;
		};
/* End PBXSourcesBuildPhase section */

/* Begin PBXTargetDependency section */
		287B23071BDD10AF00DBF3F1 /* PBXTargetDependency */ = {
			isa = PBXTargetDependency;
			target = 284E51281BDA98AC00246375 /* NGSplitViewController */;
			targetProxy = 287B23061BDD10AF00DBF3F1 /* PBXContainerItemProxy */;
		};
/* End PBXTargetDependency section */

/* Begin PBXVariantGroup section */
		284E51301BDA98AC00246375 /* Main.storyboard */ = {
			isa = PBXVariantGroup;
			children = (
				284E51311BDA98AC00246375 /* Base */,
			);
			name = Main.storyboard;
			sourceTree = "<group>";
		};
		284E51351BDA98AC00246375 /* LaunchScreen.storyboard */ = {
			isa = PBXVariantGroup;
			children = (
				284E51361BDA98AC00246375 /* Base */,
			);
			name = LaunchScreen.storyboard;
			sourceTree = "<group>";
		};
/* End PBXVariantGroup section */

/* Begin XCBuildConfiguration section */
		284E51391BDA98AC00246375 /* Debug */ = {
			isa = XCBuildConfiguration;
			buildSettings = {
				ALWAYS_SEARCH_USER_PATHS = NO;
				CLANG_CXX_LANGUAGE_STANDARD = "gnu++0x";
				CLANG_CXX_LIBRARY = "libc++";
				CLANG_ENABLE_MODULES = YES;
				CLANG_ENABLE_OBJC_ARC = YES;
				CLANG_WARN_BOOL_CONVERSION = YES;
				CLANG_WARN_CONSTANT_CONVERSION = YES;
				CLANG_WARN_DIRECT_OBJC_ISA_USAGE = YES_ERROR;
				CLANG_WARN_EMPTY_BODY = YES;
				CLANG_WARN_ENUM_CONVERSION = YES;
				CLANG_WARN_INT_CONVERSION = YES;
				CLANG_WARN_OBJC_ROOT_CLASS = YES_ERROR;
				CLANG_WARN_UNREACHABLE_CODE = YES;
				CLANG_WARN__DUPLICATE_METHOD_MATCH = YES;
				"CODE_SIGN_IDENTITY[sdk=iphoneos*]" = "iPhone Developer";
				COPY_PHASE_STRIP = NO;
				DEBUG_INFORMATION_FORMAT = dwarf;
				ENABLE_STRICT_OBJC_MSGSEND = YES;
				ENABLE_TESTABILITY = YES;
				GCC_C_LANGUAGE_STANDARD = gnu99;
				GCC_DYNAMIC_NO_PIC = NO;
				GCC_NO_COMMON_BLOCKS = YES;
				GCC_OPTIMIZATION_LEVEL = 0;
				GCC_PREPROCESSOR_DEFINITIONS = (
					"DEBUG=1",
					"$(inherited)",
				);
				GCC_WARN_64_TO_32_BIT_CONVERSION = YES;
				GCC_WARN_ABOUT_RETURN_TYPE = YES_ERROR;
				GCC_WARN_UNDECLARED_SELECTOR = YES;
				GCC_WARN_UNINITIALIZED_AUTOS = YES_AGGRESSIVE;
				GCC_WARN_UNUSED_FUNCTION = YES;
				GCC_WARN_UNUSED_VARIABLE = YES;
				IPHONEOS_DEPLOYMENT_TARGET = 9.1;
				MTL_ENABLE_DEBUG_INFO = YES;
				ONLY_ACTIVE_ARCH = YES;
				SDKROOT = iphoneos;
				SWIFT_OPTIMIZATION_LEVEL = "-Onone";
				TARGETED_DEVICE_FAMILY = "1,2";
			};
			name = Debug;
		};
		284E513A1BDA98AC00246375 /* Release */ = {
			isa = XCBuildConfiguration;
			buildSettings = {
				ALWAYS_SEARCH_USER_PATHS = NO;
				CLANG_CXX_LANGUAGE_STANDARD = "gnu++0x";
				CLANG_CXX_LIBRARY = "libc++";
				CLANG_ENABLE_MODULES = YES;
				CLANG_ENABLE_OBJC_ARC = YES;
				CLANG_WARN_BOOL_CONVERSION = YES;
				CLANG_WARN_CONSTANT_CONVERSION = YES;
				CLANG_WARN_DIRECT_OBJC_ISA_USAGE = YES_ERROR;
				CLANG_WARN_EMPTY_BODY = YES;
				CLANG_WARN_ENUM_CONVERSION = YES;
				CLANG_WARN_INT_CONVERSION = YES;
				CLANG_WARN_OBJC_ROOT_CLASS = YES_ERROR;
				CLANG_WARN_UNREACHABLE_CODE = YES;
				CLANG_WARN__DUPLICATE_METHOD_MATCH = YES;
				"CODE_SIGN_IDENTITY[sdk=iphoneos*]" = "iPhone Developer";
				COPY_PHASE_STRIP = NO;
				DEBUG_INFORMATION_FORMAT = "dwarf-with-dsym";
				ENABLE_NS_ASSERTIONS = NO;
				ENABLE_STRICT_OBJC_MSGSEND = YES;
				GCC_C_LANGUAGE_STANDARD = gnu99;
				GCC_NO_COMMON_BLOCKS = YES;
				GCC_WARN_64_TO_32_BIT_CONVERSION = YES;
				GCC_WARN_ABOUT_RETURN_TYPE = YES_ERROR;
				GCC_WARN_UNDECLARED_SELECTOR = YES;
				GCC_WARN_UNINITIALIZED_AUTOS = YES_AGGRESSIVE;
				GCC_WARN_UNUSED_FUNCTION = YES;
				GCC_WARN_UNUSED_VARIABLE = YES;
				IPHONEOS_DEPLOYMENT_TARGET = 9.1;
				MTL_ENABLE_DEBUG_INFO = NO;
				SDKROOT = iphoneos;
				TARGETED_DEVICE_FAMILY = "1,2";
				VALIDATE_PRODUCT = YES;
			};
			name = Release;
		};
		284E513C1BDA98AC00246375 /* Debug */ = {
			isa = XCBuildConfiguration;
			buildSettings = {
				ASSETCATALOG_COMPILER_APPICON_NAME = AppIcon;
				INFOPLIST_FILE = NGSplitViewController/Info.plist;
				LD_RUNPATH_SEARCH_PATHS = "$(inherited) @executable_path/Frameworks";
				PRODUCT_BUNDLE_IDENTIFIER = com.neilgall.NGSplitViewController;
				PRODUCT_NAME = "$(TARGET_NAME)";
			};
			name = Debug;
		};
		284E513D1BDA98AC00246375 /* Release */ = {
			isa = XCBuildConfiguration;
			buildSettings = {
				ASSETCATALOG_COMPILER_APPICON_NAME = AppIcon;
				INFOPLIST_FILE = NGSplitViewController/Info.plist;
				LD_RUNPATH_SEARCH_PATHS = "$(inherited) @executable_path/Frameworks";
				PRODUCT_BUNDLE_IDENTIFIER = com.neilgall.NGSplitViewController;
				PRODUCT_NAME = "$(TARGET_NAME)";
			};
			name = Release;
		};
		287B23081BDD10AF00DBF3F1 /* Debug */ = {
			isa = XCBuildConfiguration;
			buildSettings = {
				INFOPLIST_FILE = NGSplitViewControllerUITests/Info.plist;
				LD_RUNPATH_SEARCH_PATHS = "$(inherited) @executable_path/Frameworks @loader_path/Frameworks";
				PRODUCT_BUNDLE_IDENTIFIER = com.neilgall.NGSplitViewControllerUITests;
				PRODUCT_NAME = "$(TARGET_NAME)";
				TEST_TARGET_NAME = NGSplitViewController;
				USES_XCTRUNNER = YES;
			};
			name = Debug;
		};
		287B23091BDD10AF00DBF3F1 /* Release */ = {
			isa = XCBuildConfiguration;
			buildSettings = {
				INFOPLIST_FILE = NGSplitViewControllerUITests/Info.plist;
				LD_RUNPATH_SEARCH_PATHS = "$(inherited) @executable_path/Frameworks @loader_path/Frameworks";
				PRODUCT_BUNDLE_IDENTIFIER = com.neilgall.NGSplitViewControllerUITests;
				PRODUCT_NAME = "$(TARGET_NAME)";
				TEST_TARGET_NAME = NGSplitViewController;
				USES_XCTRUNNER = YES;
			};
			name = Release;
		};
/* End XCBuildConfiguration section */

/* Begin XCConfigurationList section */
		284E51241BDA98AC00246375 /* Build configuration list for PBXProject "NGSplitViewController" */ = {
			isa = XCConfigurationList;
			buildConfigurations = (
				284E51391BDA98AC00246375 /* Debug */,
				284E513A1BDA98AC00246375 /* Release */,
			);
			defaultConfigurationIsVisible = 0;
			defaultConfigurationName = Release;
		};
		284E513B1BDA98AC00246375 /* Build configuration list for PBXNativeTarget "NGSplitViewController" */ = {
			isa = XCConfigurationList;
			buildConfigurations = (
				284E513C1BDA98AC00246375 /* Debug */,
				284E513D1BDA98AC00246375 /* Release */,
			);
			defaultConfigurationIsVisible = 0;
			defaultConfigurationName = Release;
		};
		287B230A1BDD10AF00DBF3F1 /* Build configuration list for PBXNativeTarget "NGSplitViewControllerUITests" */ = {
			isa = XCConfigurationList;
			buildConfigurations = (
				287B23081BDD10AF00DBF3F1 /* Debug */,
				287B23091BDD10AF00DBF3F1 /* Release */,
			);
			defaultConfigurationIsVisible = 0;
		};
/* End XCConfigurationList section */
	};
	rootObject = 284E51211BDA98AC00246375 /* Project object */;
}
